
Microsoft Visual Studio Solution File, Format Version 12.00
# Visual Studio Version 17
VisualStudioVersion = 17.3.32922.545
MinimumVisualStudioVersion = 10.0.40219.1
Project("{FAE04EC0-301F-11D3-BF4B-00C04F79EFBC}") = "projectLibrary.UI", "projectLibrary.UI\projectLibrary.UI.csproj", "{C4F8B791-BDED-4342-84E7-1103B111BEAB}"
EndProject
Project("{FAE04EC0-301F-11D3-BF4B-00C04F79EFBC}") = "projectLibrary.Core.Mock", "projectLibrary.Core.Mock\projectLibrary.Core.Mock.csproj", "{861FD7C7-8133-4C39-873E-7029BE540BB8}"
EndProject
Project("{FAE04EC0-301F-11D3-BF4B-00C04F79EFBC}") = "projectLibrary.Core", "projectLibrary.Core\projectLibrary.Core.csproj", "{268FE2E6-50B2-4791-9AAF-0D8311D44C70}"
EndProject
Global
	GlobalSection(SolutionConfigurationPlatforms) = preSolution
		Debug|Any CPU = Debug|Any CPU
		Release|Any CPU = Release|Any CPU
	EndGlobalSection
	GlobalSection(ProjectConfigurationPlatforms) = postSolution
		{C4F8B791-BDED-4342-84E7-1103B111BEAB}.Debug|Any CPU.ActiveCfg = Debug|Any CPU
		{C4F8B791-BDED-4342-84E7-1103B111BEAB}.Debug|Any CPU.Build.0 = Debug|Any CPU
		{C4F8B791-BDED-4342-84E7-1103B111BEAB}.Release|Any CPU.ActiveCfg = Release|Any CPU
		{C4F8B791-BDED-4342-84E7-1103B111BEAB}.Release|Any CPU.Build.0 = Release|Any CPU
		{861FD7C7-8133-4C39-873E-7029BE540BB8}.Debug|Any CPU.ActiveCfg = Debug|Any CPU
		{861FD7C7-8133-4C39-873E-7029BE540BB8}.Debug|Any CPU.Build.0 = Debug|Any CPU
		{861FD7C7-8133-4C39-873E-7029BE540BB8}.Release|Any CPU.ActiveCfg = Release|Any CPU
		{861FD7C7-8133-4C39-873E-7029BE540BB8}.Release|Any CPU.Build.0 = Release|Any CPU
		{268FE2E6-50B2-4791-9AAF-0D8311D44C70}.Debug|Any CPU.ActiveCfg = Debug|Any CPU
		{268FE2E6-50B2-4791-9AAF-0D8311D44C70}.Debug|Any CPU.Build.0 = Debug|Any CPU
		{268FE2E6-50B2-4791-9AAF-0D8311D44C70}.Release|Any CPU.ActiveCfg = Release|Any CPU
		{268FE2E6-50B2-4791-9AAF-0D8311D44C70}.Release|Any CPU.Build.0 = Release|Any CPU
	EndGlobalSection
	GlobalSection(SolutionProperties) = preSolution
		HideSolutionNode = FALSE
	EndGlobalSection
	GlobalSection(ExtensibilityGlobals) = postSolution
		SolutionGuid = {09500C94-142B-4C00-A114-999D92DE5433}
	EndGlobalSection
EndGlobal
